
Microsoft Visual Studio Solution File, Format Version 12.00
# Visual Studio Version 17
VisualStudioVersion = 17.14.36616.10
MinimumVisualStudioVersion = 10.0.40219.1
Project("{FAE04EC0-301F-11D3-BF4B-00C04F79EFBC}") = "UserDocumentBackgroundProcessing.Api", "UserDocumentBackgroundProcessing.Api\UserDocumentBackgroundProcessing.Api.csproj", "{B1FD3E3C-424F-44D2-8B9F-E0B40B99ADFE}"
EndProject
Project("{FAE04EC0-301F-11D3-BF4B-00C04F79EFBC}") = "UserDocumentBackgroundProcessing.Domain", "UserDocumentBackgroundProcessing.Domain\UserDocumentBackgroundProcessing.Domain.csproj", "{9DDF8A1D-EC82-4BD7-9F8B-2C4C953F619C}"
EndProject
Project("{FAE04EC0-301F-11D3-BF4B-00C04F79EFBC}") = "UserDocumentBackgroundProcessing.Application", "UserDocumentBackgroundProcessing.Application\UserDocumentBackgroundProcessing.Application.csproj", "{A6D99545-442D-4EC2-BD82-341E6800D111}"
EndProject
Project("{FAE04EC0-301F-11D3-BF4B-00C04F79EFBC}") = "UserDocumentBackgroundProcessing.Infrastructure", "UserDocumentBackgroundProcessing.Infrastructure\UserDocumentBackgroundProcessing.Infrastructure.csproj", "{FBE2F380-5F9E-4A11-AD0F-1220D0D5C80F}"
EndProject
Global
	GlobalSection(SolutionConfigurationPlatforms) = preSolution
		Debug|Any CPU = Debug|Any CPU
		Release|Any CPU = Release|Any CPU
	EndGlobalSection
	GlobalSection(ProjectConfigurationPlatforms) = postSolution
		{B1FD3E3C-424F-44D2-8B9F-E0B40B99ADFE}.Debug|Any CPU.ActiveCfg = Debug|Any CPU
		{B1FD3E3C-424F-44D2-8B9F-E0B40B99ADFE}.Debug|Any CPU.Build.0 = Debug|Any CPU
		{B1FD3E3C-424F-44D2-8B9F-E0B40B99ADFE}.Release|Any CPU.ActiveCfg = Release|Any CPU
		{B1FD3E3C-424F-44D2-8B9F-E0B40B99ADFE}.Release|Any CPU.Build.0 = Release|Any CPU
		{9DDF8A1D-EC82-4BD7-9F8B-2C4C953F619C}.Debug|Any CPU.ActiveCfg = Debug|Any CPU
		{9DDF8A1D-EC82-4BD7-9F8B-2C4C953F619C}.Debug|Any CPU.Build.0 = Debug|Any CPU
		{9DDF8A1D-EC82-4BD7-9F8B-2C4C953F619C}.Release|Any CPU.ActiveCfg = Release|Any CPU
		{9DDF8A1D-EC82-4BD7-9F8B-2C4C953F619C}.Release|Any CPU.Build.0 = Release|Any CPU
		{A6D99545-442D-4EC2-BD82-341E6800D111}.Debug|Any CPU.ActiveCfg = Debug|Any CPU
		{A6D99545-442D-4EC2-BD82-341E6800D111}.Debug|Any CPU.Build.0 = Debug|Any CPU
		{A6D99545-442D-4EC2-BD82-341E6800D111}.Release|Any CPU.ActiveCfg = Release|Any CPU
		{A6D99545-442D-4EC2-BD82-341E6800D111}.Release|Any CPU.Build.0 = Release|Any CPU
		{FBE2F380-5F9E-4A11-AD0F-1220D0D5C80F}.Debug|Any CPU.ActiveCfg = Debug|Any CPU
		{FBE2F380-5F9E-4A11-AD0F-1220D0D5C80F}.Debug|Any CPU.Build.0 = Debug|Any CPU
		{FBE2F380-5F9E-4A11-AD0F-1220D0D5C80F}.Release|Any CPU.ActiveCfg = Release|Any CPU
		{FBE2F380-5F9E-4A11-AD0F-1220D0D5C80F}.Release|Any CPU.Build.0 = Release|Any CPU
	EndGlobalSection
	GlobalSection(SolutionProperties) = preSolution
		HideSolutionNode = FALSE
	EndGlobalSection
	GlobalSection(ExtensibilityGlobals) = postSolution
		SolutionGuid = {D055D586-FA9F-4912-85CF-A6A9FD9ACE6D}
	EndGlobalSection
EndGlobal
